
Microsoft Visual Studio Solution File, Format Version 12.00
# Visual Studio 15
VisualStudioVersion = 15.0.28307.421
MinimumVisualStudioVersion = 10.0.40219.1
Project("{FAE04EC0-301F-11D3-BF4B-00C04F79EFBC}") = "SeleniumChrome", "SeleniumChrome\SeleniumChrome.csproj", "{98329CFD-70D8-4223-8551-F49972847524}"
EndProject
Global
	GlobalSection(SolutionConfigurationPlatforms) = preSolution
		Debug|Any CPU = Debug|Any CPU
		Release|Any CPU = Release|Any CPU
	EndGlobalSection
	GlobalSection(ProjectConfigurationPlatforms) = postSolution
		{98329CFD-70D8-4223-8551-F49972847524}.Debug|Any CPU.ActiveCfg = Debug|Any CPU
		{98329CFD-70D8-4223-8551-F49972847524}.Debug|Any CPU.Build.0 = Debug|Any CPU
		{98329CFD-70D8-4223-8551-F49972847524}.Release|Any CPU.ActiveCfg = Release|Any CPU
		{98329CFD-70D8-4223-8551-F49972847524}.Release|Any CPU.Build.0 = Release|Any CPU
	EndGlobalSection
	GlobalSection(SolutionProperties) = preSolution
		HideSolutionNode = FALSE
	EndGlobalSection
	GlobalSection(ExtensibilityGlobals) = postSolution
		SolutionGuid = {D27B1DEF-EE52-4927-A42A-BD9F8D8804BA}
	EndGlobalSection
EndGlobal
